// !$*UTF8*$!
{
	archiveVersion = 1;
	classes = {
	};
	objectVersion = 56;
	objects = {

/* Begin PBXBuildFile section */
		01554F8FCF6ADD25D6696953 /* Pods_Digiturk_iOS.framework in Frameworks */ = {isa = PBXBuildFile; fileRef = D432F5FD179CD68935DA8762 /* Pods_Digiturk_iOS.framework */; };
		4E015F502AF725D9000B10AE /* UtilityHelper.swift in Sources */ = {isa = PBXBuildFile; fileRef = 4E015F4F2AF725D9000B10AE /* UtilityHelper.swift */; };
		4E015F522AF7A8CA000B10AE /* VideoPlayerView.swift in Sources */ = {isa = PBXBuildFile; fileRef = 4E015F512AF7A8CA000B10AE /* VideoPlayerView.swift */; };
		4E015F542AF7A9DA000B10AE /* Extension+UIApplication.swift in Sources */ = {isa = PBXBuildFile; fileRef = 4E015F532AF7A9DA000B10AE /* Extension+UIApplication.swift */; };
		4E350E392AF8349A000EAB8E /* UIViewControllerBase.swift in Sources */ = {isa = PBXBuildFile; fileRef = 4E350E382AF8349A000EAB8E /* UIViewControllerBase.swift */; };
		4EB99E592AF2ECC00019D02B /* AppDelegate.swift in Sources */ = {isa = PBXBuildFile; fileRef = 4EB99E582AF2ECC00019D02B /* AppDelegate.swift */; };
		4EB99E5B2AF2ECC00019D02B /* SceneDelegate.swift in Sources */ = {isa = PBXBuildFile; fileRef = 4EB99E5A2AF2ECC00019D02B /* SceneDelegate.swift */; };
		4EB99E602AF2ECC00019D02B /* Main.storyboard in Resources */ = {isa = PBXBuildFile; fileRef = 4EB99E5E2AF2ECC00019D02B /* Main.storyboard */; };
		4EB99E622AF2ECC10019D02B /* Assets.xcassets in Resources */ = {isa = PBXBuildFile; fileRef = 4EB99E612AF2ECC10019D02B /* Assets.xcassets */; };
		4EB99E652AF2ECC10019D02B /* LaunchScreen.storyboard in Resources */ = {isa = PBXBuildFile; fileRef = 4EB99E632AF2ECC10019D02B /* LaunchScreen.storyboard */; };
		4EB99E6F2AF2EDE00019D02B /* Extension+Collection.swift in Sources */ = {isa = PBXBuildFile; fileRef = 4EB99E6E2AF2EDE00019D02B /* Extension+Collection.swift */; };
		4EB99E732AF2F1140019D02B /* Loader.swift in Sources */ = {isa = PBXBuildFile; fileRef = 4EB99E722AF2F1140019D02B /* Loader.swift */; };
		4EB99E772AF2F21B0019D02B /* Service.swift in Sources */ = {isa = PBXBuildFile; fileRef = 4EB99E762AF2F21B0019D02B /* Service.swift */; };
		4EB99E792AF2F22D0019D02B /* ApiCaller.swift in Sources */ = {isa = PBXBuildFile; fileRef = 4EB99E782AF2F22D0019D02B /* ApiCaller.swift */; };
		4EB99E7B2AF2F2390019D02B /* ServiceManager.swift in Sources */ = {isa = PBXBuildFile; fileRef = 4EB99E7A2AF2F2390019D02B /* ServiceManager.swift */; };
		4EB99E7F2AF2F37F0019D02B /* HomeViewController.swift in Sources */ = {isa = PBXBuildFile; fileRef = 4EB99E7E2AF2F37F0019D02B /* HomeViewController.swift */; };
		4EB99E822AF2F39A0019D02B /* HomePresenter.swift in Sources */ = {isa = PBXBuildFile; fileRef = 4EB99E812AF2F39A0019D02B /* HomePresenter.swift */; };
		4EB99E842AF2F3A30019D02B /* HomeInteractor.swift in Sources */ = {isa = PBXBuildFile; fileRef = 4EB99E832AF2F3A30019D02B /* HomeInteractor.swift */; };
		4EB99E872AF2F3C60019D02B /* HomeRouter.swift in Sources */ = {isa = PBXBuildFile; fileRef = 4EB99E862AF2F3C60019D02B /* HomeRouter.swift */; };
		4EB99E8A2AF2F3D80019D02B /* HomeWorker.swift in Sources */ = {isa = PBXBuildFile; fileRef = 4EB99E892AF2F3D80019D02B /* HomeWorker.swift */; };
		4EB99E8D2AF2F3FB0019D02B /* HomeModels.swift in Sources */ = {isa = PBXBuildFile; fileRef = 4EB99E8C2AF2F3FB0019D02B /* HomeModels.swift */; };
		4EB99E912AF2F7510019D02B /* MovieGenre.swift in Sources */ = {isa = PBXBuildFile; fileRef = 4EB99E902AF2F7510019D02B /* MovieGenre.swift */; };
		4EB99E942AF2F7710019D02B /* Movie.swift in Sources */ = {isa = PBXBuildFile; fileRef = 4EB99E932AF2F7710019D02B /* Movie.swift */; };
		4EB99E972AF325EB0019D02B /* SwipeableHeaderView.swift in Sources */ = {isa = PBXBuildFile; fileRef = 4EB99E962AF325EB0019D02B /* SwipeableHeaderView.swift */; };
		4EB99E9A2AF3B7D30019D02B /* GenreCollectionCell.swift in Sources */ = {isa = PBXBuildFile; fileRef = 4EB99E992AF3B7D30019D02B /* GenreCollectionCell.swift */; };
		4EB99E9C2AF451EB0019D02B /* HeaderView.swift in Sources */ = {isa = PBXBuildFile; fileRef = 4EB99E9B2AF451EB0019D02B /* HeaderView.swift */; };
		4EB99E9E2AF463730019D02B /* Extension+UIView.swift in Sources */ = {isa = PBXBuildFile; fileRef = 4EB99E9D2AF463730019D02B /* Extension+UIView.swift */; };
		4EB99EA12AF48D760019D02B /* MovieCollectionViewCell.swift in Sources */ = {isa = PBXBuildFile; fileRef = 4EB99EA02AF48D760019D02B /* MovieCollectionViewCell.swift */; };
		4EB99EA42AF57BC90019D02B /* PageControllerCollectionCell.swift in Sources */ = {isa = PBXBuildFile; fileRef = 4EB99EA32AF57BC90019D02B /* PageControllerCollectionCell.swift */; };
		4EB99EAC2AF5A50A0019D02B /* GenreTableCell.swift in Sources */ = {isa = PBXBuildFile; fileRef = 4EB99EAB2AF5A50A0019D02B /* GenreTableCell.swift */; };
		4EB99EAE2AF5A77F0019D02B /* GenreCellHeaderView.swift in Sources */ = {isa = PBXBuildFile; fileRef = 4EB99EAD2AF5A77F0019D02B /* GenreCellHeaderView.swift */; };
		4EB99EB22AF6E2160019D02B /* MovieListViewController.swift in Sources */ = {isa = PBXBuildFile; fileRef = 4EB99EB12AF6E2160019D02B /* MovieListViewController.swift */; };
		4EB99EB42AF6E72D0019D02B /* MovieListRouter.swift in Sources */ = {isa = PBXBuildFile; fileRef = 4EB99EB32AF6E72D0019D02B /* MovieListRouter.swift */; };
		4EB99EB62AF6E8E70019D02B /* MovieListInteractor.swift in Sources */ = {isa = PBXBuildFile; fileRef = 4EB99EB52AF6E8E70019D02B /* MovieListInteractor.swift */; };
		4EB99EB82AF6E92B0019D02B /* MovieListPresenter.swift in Sources */ = {isa = PBXBuildFile; fileRef = 4EB99EB72AF6E92B0019D02B /* MovieListPresenter.swift */; };
		4EB99EBA2AF6E9A80019D02B /* MovieListWorker.swift in Sources */ = {isa = PBXBuildFile; fileRef = 4EB99EB92AF6E9A80019D02B /* MovieListWorker.swift */; };
		4ECAE5422AF84CD6007DAE1F /* Extension+UIColor.swift in Sources */ = {isa = PBXBuildFile; fileRef = 4ECAE5412AF84CD6007DAE1F /* Extension+UIColor.swift */; };
		4ECAE5452AF84D6F007DAE1F /* Colors.swift in Sources */ = {isa = PBXBuildFile; fileRef = 4ECAE5442AF84D6F007DAE1F /* Colors.swift */; };
/* End PBXBuildFile section */

/* Begin PBXFileReference section */
		296B3D129FA7C15590AF9290 /* Pods-Digiturk_iOS.debug.xcconfig */ = {isa = PBXFileReference; includeInIndex = 1; lastKnownFileType = text.xcconfig; name = "Pods-Digiturk_iOS.debug.xcconfig"; path = "Target Support Files/Pods-Digiturk_iOS/Pods-Digiturk_iOS.debug.xcconfig"; sourceTree = "<group>"; };
		4E015F4F2AF725D9000B10AE /* UtilityHelper.swift */ = {isa = PBXFileReference; lastKnownFileType = sourcecode.swift; path = UtilityHelper.swift; sourceTree = "<group>"; };
		4E015F512AF7A8CA000B10AE /* VideoPlayerView.swift */ = {isa = PBXFileReference; lastKnownFileType = sourcecode.swift; path = VideoPlayerView.swift; sourceTree = "<group>"; };
		4E015F532AF7A9DA000B10AE /* Extension+UIApplication.swift */ = {isa = PBXFileReference; lastKnownFileType = sourcecode.swift; path = "Extension+UIApplication.swift"; sourceTree = "<group>"; };
		4E350E382AF8349A000EAB8E /* UIViewControllerBase.swift */ = {isa = PBXFileReference; lastKnownFileType = sourcecode.swift; path = UIViewControllerBase.swift; sourceTree = "<group>"; };
		4EB99E552AF2ECC00019D02B /* Digiturk_iOS.app */ = {isa = PBXFileReference; explicitFileType = wrapper.application; includeInIndex = 0; path = Digiturk_iOS.app; sourceTree = BUILT_PRODUCTS_DIR; };
		4EB99E582AF2ECC00019D02B /* AppDelegate.swift */ = {isa = PBXFileReference; lastKnownFileType = sourcecode.swift; path = AppDelegate.swift; sourceTree = "<group>"; };
		4EB99E5A2AF2ECC00019D02B /* SceneDelegate.swift */ = {isa = PBXFileReference; lastKnownFileType = sourcecode.swift; path = SceneDelegate.swift; sourceTree = "<group>"; };
		4EB99E5F2AF2ECC00019D02B /* Base */ = {isa = PBXFileReference; lastKnownFileType = file.storyboard; name = Base; path = Base.lproj/Main.storyboard; sourceTree = "<group>"; };
		4EB99E612AF2ECC10019D02B /* Assets.xcassets */ = {isa = PBXFileReference; lastKnownFileType = folder.assetcatalog; path = Assets.xcassets; sourceTree = "<group>"; };
		4EB99E642AF2ECC10019D02B /* Base */ = {isa = PBXFileReference; lastKnownFileType = file.storyboard; name = Base; path = Base.lproj/LaunchScreen.storyboard; sourceTree = "<group>"; };
		4EB99E662AF2ECC10019D02B /* Info.plist */ = {isa = PBXFileReference; lastKnownFileType = text.plist.xml; path = Info.plist; sourceTree = "<group>"; };
		4EB99E6E2AF2EDE00019D02B /* Extension+Collection.swift */ = {isa = PBXFileReference; lastKnownFileType = sourcecode.swift; path = "Extension+Collection.swift"; sourceTree = "<group>"; };
		4EB99E722AF2F1140019D02B /* Loader.swift */ = {isa = PBXFileReference; lastKnownFileType = sourcecode.swift; path = Loader.swift; sourceTree = "<group>"; };
		4EB99E762AF2F21B0019D02B /* Service.swift */ = {isa = PBXFileReference; lastKnownFileType = sourcecode.swift; path = Service.swift; sourceTree = "<group>"; };
		4EB99E782AF2F22D0019D02B /* ApiCaller.swift */ = {isa = PBXFileReference; lastKnownFileType = sourcecode.swift; path = ApiCaller.swift; sourceTree = "<group>"; };
		4EB99E7A2AF2F2390019D02B /* ServiceManager.swift */ = {isa = PBXFileReference; lastKnownFileType = sourcecode.swift; path = ServiceManager.swift; sourceTree = "<group>"; };
		4EB99E7E2AF2F37F0019D02B /* HomeViewController.swift */ = {isa = PBXFileReference; lastKnownFileType = sourcecode.swift; path = HomeViewController.swift; sourceTree = "<group>"; };
		4EB99E812AF2F39A0019D02B /* HomePresenter.swift */ = {isa = PBXFileReference; lastKnownFileType = sourcecode.swift; path = HomePresenter.swift; sourceTree = "<group>"; };
		4EB99E832AF2F3A30019D02B /* HomeInteractor.swift */ = {isa = PBXFileReference; lastKnownFileType = sourcecode.swift; path = HomeInteractor.swift; sourceTree = "<group>"; };
		4EB99E862AF2F3C60019D02B /* HomeRouter.swift */ = {isa = PBXFileReference; lastKnownFileType = sourcecode.swift; path = HomeRouter.swift; sourceTree = "<group>"; };
		4EB99E892AF2F3D80019D02B /* HomeWorker.swift */ = {isa = PBXFileReference; lastKnownFileType = sourcecode.swift; path = HomeWorker.swift; sourceTree = "<group>"; };
		4EB99E8C2AF2F3FB0019D02B /* HomeModels.swift */ = {isa = PBXFileReference; lastKnownFileType = sourcecode.swift; path = HomeModels.swift; sourceTree = "<group>"; };
		4EB99E902AF2F7510019D02B /* MovieGenre.swift */ = {isa = PBXFileReference; lastKnownFileType = sourcecode.swift; path = MovieGenre.swift; sourceTree = "<group>"; };
		4EB99E932AF2F7710019D02B /* Movie.swift */ = {isa = PBXFileReference; lastKnownFileType = sourcecode.swift; path = Movie.swift; sourceTree = "<group>"; };
		4EB99E962AF325EB0019D02B /* SwipeableHeaderView.swift */ = {isa = PBXFileReference; lastKnownFileType = sourcecode.swift; path = SwipeableHeaderView.swift; sourceTree = "<group>"; };
		4EB99E992AF3B7D30019D02B /* GenreCollectionCell.swift */ = {isa = PBXFileReference; lastKnownFileType = sourcecode.swift; path = GenreCollectionCell.swift; sourceTree = "<group>"; };
		4EB99E9B2AF451EB0019D02B /* HeaderView.swift */ = {isa = PBXFileReference; lastKnownFileType = sourcecode.swift; path = HeaderView.swift; sourceTree = "<group>"; };
		4EB99E9D2AF463730019D02B /* Extension+UIView.swift */ = {isa = PBXFileReference; lastKnownFileType = sourcecode.swift; path = "Extension+UIView.swift"; sourceTree = "<group>"; };
		4EB99EA02AF48D760019D02B /* MovieCollectionViewCell.swift */ = {isa = PBXFileReference; lastKnownFileType = sourcecode.swift; path = MovieCollectionViewCell.swift; sourceTree = "<group>"; };
		4EB99EA32AF57BC90019D02B /* PageControllerCollectionCell.swift */ = {isa = PBXFileReference; lastKnownFileType = sourcecode.swift; path = PageControllerCollectionCell.swift; sourceTree = "<group>"; };
		4EB99EAB2AF5A50A0019D02B /* GenreTableCell.swift */ = {isa = PBXFileReference; lastKnownFileType = sourcecode.swift; path = GenreTableCell.swift; sourceTree = "<group>"; };
		4EB99EAD2AF5A77F0019D02B /* GenreCellHeaderView.swift */ = {isa = PBXFileReference; lastKnownFileType = sourcecode.swift; path = GenreCellHeaderView.swift; sourceTree = "<group>"; };
		4EB99EB12AF6E2160019D02B /* MovieListViewController.swift */ = {isa = PBXFileReference; lastKnownFileType = sourcecode.swift; path = MovieListViewController.swift; sourceTree = "<group>"; };
		4EB99EB32AF6E72D0019D02B /* MovieListRouter.swift */ = {isa = PBXFileReference; lastKnownFileType = sourcecode.swift; path = MovieListRouter.swift; sourceTree = "<group>"; };
		4EB99EB52AF6E8E70019D02B /* MovieListInteractor.swift */ = {isa = PBXFileReference; lastKnownFileType = sourcecode.swift; path = MovieListInteractor.swift; sourceTree = "<group>"; };
		4EB99EB72AF6E92B0019D02B /* MovieListPresenter.swift */ = {isa = PBXFileReference; lastKnownFileType = sourcecode.swift; path = MovieListPresenter.swift; sourceTree = "<group>"; };
		4EB99EB92AF6E9A80019D02B /* MovieListWorker.swift */ = {isa = PBXFileReference; lastKnownFileType = sourcecode.swift; path = MovieListWorker.swift; sourceTree = "<group>"; };
		4ECAE5412AF84CD6007DAE1F /* Extension+UIColor.swift */ = {isa = PBXFileReference; lastKnownFileType = sourcecode.swift; path = "Extension+UIColor.swift"; sourceTree = "<group>"; };
		4ECAE5442AF84D6F007DAE1F /* Colors.swift */ = {isa = PBXFileReference; lastKnownFileType = sourcecode.swift; path = Colors.swift; sourceTree = "<group>"; };
		541F9DED158BA053C01FC658 /* Pods-Digiturk_iOS.release.xcconfig */ = {isa = PBXFileReference; includeInIndex = 1; lastKnownFileType = text.xcconfig; name = "Pods-Digiturk_iOS.release.xcconfig"; path = "Target Support Files/Pods-Digiturk_iOS/Pods-Digiturk_iOS.release.xcconfig"; sourceTree = "<group>"; };
		D432F5FD179CD68935DA8762 /* Pods_Digiturk_iOS.framework */ = {isa = PBXFileReference; explicitFileType = wrapper.framework; includeInIndex = 0; path = Pods_Digiturk_iOS.framework; sourceTree = BUILT_PRODUCTS_DIR; };
/* End PBXFileReference section */

/* Begin PBXFrameworksBuildPhase section */
		4EB99E522AF2ECC00019D02B /* Frameworks */ = {
			isa = PBXFrameworksBuildPhase;
			buildActionMask = 2147483647;
			files = (
				01554F8FCF6ADD25D6696953 /* Pods_Digiturk_iOS.framework in Frameworks */,
			);
			runOnlyForDeploymentPostprocessing = 0;
		};
/* End PBXFrameworksBuildPhase section */

/* Begin PBXGroup section */
		4E015F4E2AF725C9000B10AE /* UtilityHelper */ = {
			isa = PBXGroup;
			children = (
				4E015F4F2AF725D9000B10AE /* UtilityHelper.swift */,
			);
			path = UtilityHelper;
			sourceTree = "<group>";
		};
		4E350E372AF83487000EAB8E /* Classes */ = {
			isa = PBXGroup;
			children = (
				4E350E382AF8349A000EAB8E /* UIViewControllerBase.swift */,
			);
			path = Classes;
			sourceTree = "<group>";
		};
		4EB99E4C2AF2ECC00019D02B = {
			isa = PBXGroup;
			children = (
				4EB99E572AF2ECC00019D02B /* Digiturk_iOS */,
				4EB99E562AF2ECC00019D02B /* Products */,
				7EFA2E2EB8D1032D105DE7CB /* Pods */,
				DEA25DF40689E8A9B5AF466D /* Frameworks */,
			);
			sourceTree = "<group>";
		};
		4EB99E562AF2ECC00019D02B /* Products */ = {
			isa = PBXGroup;
			children = (
				4EB99E552AF2ECC00019D02B /* Digiturk_iOS.app */,
			);
			name = Products;
			sourceTree = "<group>";
		};
		4EB99E572AF2ECC00019D02B /* Digiturk_iOS */ = {
			isa = PBXGroup;
			children = (
				4EB99E6C2AF2ED520019D02B /* AppManager */,
				4EB99E7C2AF2F34A0019D02B /* Scenes */,
				4EB99E6D2AF2ED700019D02B /* Common */,
				4EB99E712AF2F1050019D02B /* Base */,
				4EB99E5E2AF2ECC00019D02B /* Main.storyboard */,
				4EB99E612AF2ECC10019D02B /* Assets.xcassets */,
				4EB99E632AF2ECC10019D02B /* LaunchScreen.storyboard */,
				4EB99E662AF2ECC10019D02B /* Info.plist */,
			);
			path = Digiturk_iOS;
			sourceTree = "<group>";
		};
		4EB99E6C2AF2ED520019D02B /* AppManager */ = {
			isa = PBXGroup;
			children = (
				4EB99E582AF2ECC00019D02B /* AppDelegate.swift */,
				4EB99E5A2AF2ECC00019D02B /* SceneDelegate.swift */,
			);
			path = AppManager;
			sourceTree = "<group>";
		};
		4EB99E6D2AF2ED700019D02B /* Common */ = {
			isa = PBXGroup;
			children = (
				4ECAE5482AF8D461007DAE1F /* Resources */,
				4ECAE5432AF84D60007DAE1F /* Constants */,
				4EB99EAF2AF6CDF00019D02B /* View */,
				4EB99EA82AF57E660019D02B /* UI */,
				4EB99E702AF2EEF80019D02B /* Extensions */,
			);
			path = Common;
			sourceTree = "<group>";
		};
		4EB99E702AF2EEF80019D02B /* Extensions */ = {
			isa = PBXGroup;
			children = (
				4EB99E6E2AF2EDE00019D02B /* Extension+Collection.swift */,
				4EB99E9D2AF463730019D02B /* Extension+UIView.swift */,
				4E015F532AF7A9DA000B10AE /* Extension+UIApplication.swift */,
				4ECAE5412AF84CD6007DAE1F /* Extension+UIColor.swift */,
			);
			path = Extensions;
			sourceTree = "<group>";
		};
		4EB99E712AF2F1050019D02B /* Base */ = {
			isa = PBXGroup;
			children = (
				4E350E372AF83487000EAB8E /* Classes */,
				4EB99E752AF2F15C0019D02B /* Network */,
				4EB99E742AF2F1510019D02B /* Helper */,
			);
			path = Base;
			sourceTree = "<group>";
		};
		4EB99E742AF2F1510019D02B /* Helper */ = {
			isa = PBXGroup;
			children = (
				4E015F4E2AF725C9000B10AE /* UtilityHelper */,
			);
			path = Helper;
			sourceTree = "<group>";
		};
		4EB99E752AF2F15C0019D02B /* Network */ = {
			isa = PBXGroup;
			children = (
				4EB99E8F2AF2F73A0019D02B /* Response */,
				4EB99E762AF2F21B0019D02B /* Service.swift */,
				4EB99E782AF2F22D0019D02B /* ApiCaller.swift */,
				4EB99E7A2AF2F2390019D02B /* ServiceManager.swift */,
			);
			path = Network;
			sourceTree = "<group>";
		};
		4EB99E7C2AF2F34A0019D02B /* Scenes */ = {
			isa = PBXGroup;
			children = (
				4EB99EB02AF6E1EB0019D02B /* MovieList */,
				4EB99E7D2AF2F3680019D02B /* Home */,
			);
			path = Scenes;
			sourceTree = "<group>";
		};
		4EB99E7D2AF2F3680019D02B /* Home */ = {
			isa = PBXGroup;
			children = (
				4EB99E7E2AF2F37F0019D02B /* HomeViewController.swift */,
				4EB99E812AF2F39A0019D02B /* HomePresenter.swift */,
				4EB99E832AF2F3A30019D02B /* HomeInteractor.swift */,
				4EB99E862AF2F3C60019D02B /* HomeRouter.swift */,
				4EB99E892AF2F3D80019D02B /* HomeWorker.swift */,
				4EB99E8C2AF2F3FB0019D02B /* HomeModels.swift */,
			);
			path = Home;
			sourceTree = "<group>";
		};
		4EB99E8F2AF2F73A0019D02B /* Response */ = {
			isa = PBXGroup;
			children = (
				4EB99E922AF2F75F0019D02B /* Entity */,
			);
			path = Response;
			sourceTree = "<group>";
		};
		4EB99E922AF2F75F0019D02B /* Entity */ = {
			isa = PBXGroup;
			children = (
				4EB99E902AF2F7510019D02B /* MovieGenre.swift */,
				4EB99E932AF2F7710019D02B /* Movie.swift */,
			);
			path = Entity;
			sourceTree = "<group>";
		};
		4EB99E952AF325D60019D02B /* GenreCollectionCell */ = {
			isa = PBXGroup;
			children = (
				4EB99E992AF3B7D30019D02B /* GenreCollectionCell.swift */,
			);
			path = GenreCollectionCell;
			sourceTree = "<group>";
		};
		4EB99E982AF3B7AF0019D02B /* TableHeaderView */ = {
			isa = PBXGroup;
			children = (
				4EB99E962AF325EB0019D02B /* SwipeableHeaderView.swift */,
			);
			path = TableHeaderView;
			sourceTree = "<group>";
		};
		4EB99E9F2AF48D630019D02B /* Cell */ = {
			isa = PBXGroup;
			children = (
				4EB99EAA2AF5A4F50019D02B /* GenreTableCell */,
				4EB99EA92AF57E930019D02B /* MovieCollectionCell */,
				4EB99EA22AF57B8D0019D02B /* PageControllerCollectionCell */,
				4EB99E952AF325D60019D02B /* GenreCollectionCell */,
			);
			path = Cell;
			sourceTree = "<group>";
		};
		4EB99EA22AF57B8D0019D02B /* PageControllerCollectionCell */ = {
			isa = PBXGroup;
			children = (
				4EB99EA32AF57BC90019D02B /* PageControllerCollectionCell.swift */,
			);
			path = PageControllerCollectionCell;
			sourceTree = "<group>";
		};
		4EB99EA82AF57E660019D02B /* UI */ = {
			isa = PBXGroup;
			children = (
				4EB99E9F2AF48D630019D02B /* Cell */,
			);
			path = UI;
			sourceTree = "<group>";
		};
		4EB99EA92AF57E930019D02B /* MovieCollectionCell */ = {
			isa = PBXGroup;
			children = (
				4EB99EA02AF48D760019D02B /* MovieCollectionViewCell.swift */,
			);
			path = MovieCollectionCell;
			sourceTree = "<group>";
		};
		4EB99EAA2AF5A4F50019D02B /* GenreTableCell */ = {
			isa = PBXGroup;
			children = (
				4EB99EAD2AF5A77F0019D02B /* GenreCellHeaderView.swift */,
				4EB99EAB2AF5A50A0019D02B /* GenreTableCell.swift */,
			);
			path = GenreTableCell;
			sourceTree = "<group>";
		};
		4EB99EAF2AF6CDF00019D02B /* View */ = {
			isa = PBXGroup;
			children = (
				4ECAE5472AF8510F007DAE1F /* ViewControllerCustomHeaderView */,
				4ECAE5462AF850F5007DAE1F /* VideoPlayerView */,
				4EB99E982AF3B7AF0019D02B /* TableHeaderView */,
				4EB99E722AF2F1140019D02B /* Loader.swift */,
			);
			path = View;
			sourceTree = "<group>";
		};
		4EB99EB02AF6E1EB0019D02B /* MovieList */ = {
			isa = PBXGroup;
			children = (
				4EB99EB12AF6E2160019D02B /* MovieListViewController.swift */,
				4EB99EB32AF6E72D0019D02B /* MovieListRouter.swift */,
				4EB99EB52AF6E8E70019D02B /* MovieListInteractor.swift */,
				4EB99EB72AF6E92B0019D02B /* MovieListPresenter.swift */,
				4EB99EB92AF6E9A80019D02B /* MovieListWorker.swift */,
			);
			path = MovieList;
			sourceTree = "<group>";
		};
		4ECAE5432AF84D60007DAE1F /* Constants */ = {
			isa = PBXGroup;
			children = (
				4ECAE5442AF84D6F007DAE1F /* Colors.swift */,
			);
			path = Constants;
			sourceTree = "<group>";
		};
		4ECAE5462AF850F5007DAE1F /* VideoPlayerView */ = {
			isa = PBXGroup;
			children = (
				4E015F512AF7A8CA000B10AE /* VideoPlayerView.swift */,
			);
			path = VideoPlayerView;
			sourceTree = "<group>";
		};
		4ECAE5472AF8510F007DAE1F /* ViewControllerCustomHeaderView */ = {
			isa = PBXGroup;
			children = (
				4EB99E9B2AF451EB0019D02B /* HeaderView.swift */,
			);
			path = ViewControllerCustomHeaderView;
			sourceTree = "<group>";
		};
		4ECAE5482AF8D461007DAE1F /* Resources */ = {
			isa = PBXGroup;
			children = (
			);
			path = Resources;
			sourceTree = "<group>";
		};
		7EFA2E2EB8D1032D105DE7CB /* Pods */ = {
			isa = PBXGroup;
			children = (
				296B3D129FA7C15590AF9290 /* Pods-Digiturk_iOS.debug.xcconfig */,
				541F9DED158BA053C01FC658 /* Pods-Digiturk_iOS.release.xcconfig */,
			);
			path = Pods;
			sourceTree = "<group>";
		};
		DEA25DF40689E8A9B5AF466D /* Frameworks */ = {
			isa = PBXGroup;
			children = (
				D432F5FD179CD68935DA8762 /* Pods_Digiturk_iOS.framework */,
			);
			name = Frameworks;
			sourceTree = "<group>";
		};
/* End PBXGroup section */

/* Begin PBXNativeTarget section */
		4EB99E542AF2ECC00019D02B /* Digiturk_iOS */ = {
			isa = PBXNativeTarget;
			buildConfigurationList = 4EB99E692AF2ECC10019D02B /* Build configuration list for PBXNativeTarget "Digiturk_iOS" */;
			buildPhases = (
				6001C69EF022FEA91530E93E /* [CP] Check Pods Manifest.lock */,
				4EB99E512AF2ECC00019D02B /* Sources */,
				4EB99E522AF2ECC00019D02B /* Frameworks */,
				4EB99E532AF2ECC00019D02B /* Resources */,
				36EE2EBC9017817FB1B34A64 /* [CP] Embed Pods Frameworks */,
			);
			buildRules = (
			);
			dependencies = (
			);
			name = Digiturk_iOS;
			productName = Digiturk_iOS;
			productReference = 4EB99E552AF2ECC00019D02B /* Digiturk_iOS.app */;
			productType = "com.apple.product-type.application";
		};
/* End PBXNativeTarget section */

/* Begin PBXProject section */
		4EB99E4D2AF2ECC00019D02B /* Project object */ = {
			isa = PBXProject;
			attributes = {
				BuildIndependentTargetsInParallel = 1;
				LastSwiftUpdateCheck = 1430;
				LastUpgradeCheck = 1430;
				TargetAttributes = {
					4EB99E542AF2ECC00019D02B = {
						CreatedOnToolsVersion = 14.3.1;
					};
				};
			};
			buildConfigurationList = 4EB99E502AF2ECC00019D02B /* Build configuration list for PBXProject "Digiturk_iOS" */;
			compatibilityVersion = "Xcode 14.0";
			developmentRegion = en;
			hasScannedForEncodings = 0;
			knownRegions = (
				en,
				Base,
			);
			mainGroup = 4EB99E4C2AF2ECC00019D02B;
			productRefGroup = 4EB99E562AF2ECC00019D02B /* Products */;
			projectDirPath = "";
			projectRoot = "";
			targets = (
				4EB99E542AF2ECC00019D02B /* Digiturk_iOS */,
			);
		};
/* End PBXProject section */

/* Begin PBXResourcesBuildPhase section */
		4EB99E532AF2ECC00019D02B /* Resources */ = {
			isa = PBXResourcesBuildPhase;
			buildActionMask = 2147483647;
			files = (
				4EB99E652AF2ECC10019D02B /* LaunchScreen.storyboard in Resources */,
				4EB99E622AF2ECC10019D02B /* Assets.xcassets in Resources */,
				4EB99E602AF2ECC00019D02B /* Main.storyboard in Resources */,
			);
			runOnlyForDeploymentPostprocessing = 0;
		};
/* End PBXResourcesBuildPhase section */

/* Begin PBXShellScriptBuildPhase section */
		36EE2EBC9017817FB1B34A64 /* [CP] Embed Pods Frameworks */ = {
			isa = PBXShellScriptBuildPhase;
			buildActionMask = 2147483647;
			files = (
			);
			inputFileListPaths = (
				"${PODS_ROOT}/Target Support Files/Pods-Digiturk_iOS/Pods-Digiturk_iOS-frameworks-${CONFIGURATION}-input-files.xcfilelist",
			);
			name = "[CP] Embed Pods Frameworks";
			outputFileListPaths = (
				"${PODS_ROOT}/Target Support Files/Pods-Digiturk_iOS/Pods-Digiturk_iOS-frameworks-${CONFIGURATION}-output-files.xcfilelist",
			);
			runOnlyForDeploymentPostprocessing = 0;
			shellPath = /bin/sh;
			shellScript = "\"${PODS_ROOT}/Target Support Files/Pods-Digiturk_iOS/Pods-Digiturk_iOS-frameworks.sh\"\n";
			showEnvVarsInLog = 0;
		};
		6001C69EF022FEA91530E93E /* [CP] Check Pods Manifest.lock */ = {
			isa = PBXShellScriptBuildPhase;
			buildActionMask = 2147483647;
			files = (
			);
			inputFileListPaths = (
			);
			inputPaths = (
				"${PODS_PODFILE_DIR_PATH}/Podfile.lock",
				"${PODS_ROOT}/Manifest.lock",
			);
			name = "[CP] Check Pods Manifest.lock";
			outputFileListPaths = (
			);
			outputPaths = (
				"$(DERIVED_FILE_DIR)/Pods-Digiturk_iOS-checkManifestLockResult.txt",
			);
			runOnlyForDeploymentPostprocessing = 0;
			shellPath = /bin/sh;
			shellScript = "diff \"${PODS_PODFILE_DIR_PATH}/Podfile.lock\" \"${PODS_ROOT}/Manifest.lock\" > /dev/null\nif [ $? != 0 ] ; then\n    # print error to STDERR\n    echo \"error: The sandbox is not in sync with the Podfile.lock. Run 'pod install' or update your CocoaPods installation.\" >&2\n    exit 1\nfi\n# This output is used by Xcode 'outputs' to avoid re-running this script phase.\necho \"SUCCESS\" > \"${SCRIPT_OUTPUT_FILE_0}\"\n";
			showEnvVarsInLog = 0;
		};
/* End PBXShellScriptBuildPhase section */

/* Begin PBXSourcesBuildPhase section */
		4EB99E512AF2ECC00019D02B /* Sources */ = {
			isa = PBXSourcesBuildPhase;
			buildActionMask = 2147483647;
			files = (
				4EB99E872AF2F3C60019D02B /* HomeRouter.swift in Sources */,
				4EB99EA42AF57BC90019D02B /* PageControllerCollectionCell.swift in Sources */,
				4EB99E9E2AF463730019D02B /* Extension+UIView.swift in Sources */,
				4EB99E842AF2F3A30019D02B /* HomeInteractor.swift in Sources */,
				4EB99E6F2AF2EDE00019D02B /* Extension+Collection.swift in Sources */,
				4EB99EB22AF6E2160019D02B /* MovieListViewController.swift in Sources */,
				4EB99E792AF2F22D0019D02B /* ApiCaller.swift in Sources */,
				4EB99E9A2AF3B7D30019D02B /* GenreCollectionCell.swift in Sources */,
				4EB99E9C2AF451EB0019D02B /* HeaderView.swift in Sources */,
				4EB99EB62AF6E8E70019D02B /* MovieListInteractor.swift in Sources */,
				4ECAE5422AF84CD6007DAE1F /* Extension+UIColor.swift in Sources */,
				4EB99E822AF2F39A0019D02B /* HomePresenter.swift in Sources */,
				4EB99E942AF2F7710019D02B /* Movie.swift in Sources */,
				4EB99EAE2AF5A77F0019D02B /* GenreCellHeaderView.swift in Sources */,
				4E015F522AF7A8CA000B10AE /* VideoPlayerView.swift in Sources */,
				4E015F502AF725D9000B10AE /* UtilityHelper.swift in Sources */,
				4EB99E8D2AF2F3FB0019D02B /* HomeModels.swift in Sources */,
				4EB99EB82AF6E92B0019D02B /* MovieListPresenter.swift in Sources */,
				4E015F542AF7A9DA000B10AE /* Extension+UIApplication.swift in Sources */,
				4EB99E7B2AF2F2390019D02B /* ServiceManager.swift in Sources */,
				4EB99E592AF2ECC00019D02B /* AppDelegate.swift in Sources */,
				4EB99EBA2AF6E9A80019D02B /* MovieListWorker.swift in Sources */,
				4EB99E972AF325EB0019D02B /* SwipeableHeaderView.swift in Sources */,
				4EB99EAC2AF5A50A0019D02B /* GenreTableCell.swift in Sources */,
				4EB99E7F2AF2F37F0019D02B /* HomeViewController.swift in Sources */,
				4EB99E8A2AF2F3D80019D02B /* HomeWorker.swift in Sources */,
				4EB99E912AF2F7510019D02B /* MovieGenre.swift in Sources */,
				4EB99EB42AF6E72D0019D02B /* MovieListRouter.swift in Sources */,
				4EB99E5B2AF2ECC00019D02B /* SceneDelegate.swift in Sources */,
				4EB99EA12AF48D760019D02B /* MovieCollectionViewCell.swift in Sources */,
				4ECAE5452AF84D6F007DAE1F /* Colors.swift in Sources */,
				4EB99E732AF2F1140019D02B /* Loader.swift in Sources */,
				4EB99E772AF2F21B0019D02B /* Service.swift in Sources */,
				4E350E392AF8349A000EAB8E /* UIViewControllerBase.swift in Sources */,
			);
			runOnlyForDeploymentPostprocessing = 0;
		};
/* End PBXSourcesBuildPhase section */

/* Begin PBXVariantGroup section */
		4EB99E5E2AF2ECC00019D02B /* Main.storyboard */ = {
			isa = PBXVariantGroup;
			children = (
				4EB99E5F2AF2ECC00019D02B /* Base */,
			);
			name = Main.storyboard;
			sourceTree = "<group>";
		};
		4EB99E632AF2ECC10019D02B /* LaunchScreen.storyboard */ = {
			isa = PBXVariantGroup;
			children = (
				4EB99E642AF2ECC10019D02B /* Base */,
			);
			name = LaunchScreen.storyboard;
			sourceTree = "<group>";
		};
/* End PBXVariantGroup section */

/* Begin XCBuildConfiguration section */
		4EB99E672AF2ECC10019D02B /* Debug */ = {
			isa = XCBuildConfiguration;
			buildSettings = {
				ALWAYS_SEARCH_USER_PATHS = NO;
				CLANG_ANALYZER_NONNULL = YES;
				CLANG_ANALYZER_NUMBER_OBJECT_CONVERSION = YES_AGGRESSIVE;
				CLANG_CXX_LANGUAGE_STANDARD = "gnu++20";
				CLANG_ENABLE_MODULES = YES;
				CLANG_ENABLE_OBJC_ARC = YES;
				CLANG_ENABLE_OBJC_WEAK = YES;
				CLANG_WARN_BLOCK_CAPTURE_AUTORELEASING = YES;
				CLANG_WARN_BOOL_CONVERSION = YES;
				CLANG_WARN_COMMA = YES;
				CLANG_WARN_CONSTANT_CONVERSION = YES;
				CLANG_WARN_DEPRECATED_OBJC_IMPLEMENTATIONS = YES;
				CLANG_WARN_DIRECT_OBJC_ISA_USAGE = YES_ERROR;
				CLANG_WARN_DOCUMENTATION_COMMENTS = YES;
				CLANG_WARN_EMPTY_BODY = YES;
				CLANG_WARN_ENUM_CONVERSION = YES;
				CLANG_WARN_INFINITE_RECURSION = YES;
				CLANG_WARN_INT_CONVERSION = YES;
				CLANG_WARN_NON_LITERAL_NULL_CONVERSION = YES;
				CLANG_WARN_OBJC_IMPLICIT_RETAIN_SELF = YES;
				CLANG_WARN_OBJC_LITERAL_CONVERSION = YES;
				CLANG_WARN_OBJC_ROOT_CLASS = YES_ERROR;
				CLANG_WARN_QUOTED_INCLUDE_IN_FRAMEWORK_HEADER = YES;
				CLANG_WARN_RANGE_LOOP_ANALYSIS = YES;
				CLANG_WARN_STRICT_PROTOTYPES = YES;
				CLANG_WARN_SUSPICIOUS_MOVE = YES;
				CLANG_WARN_UNGUARDED_AVAILABILITY = YES_AGGRESSIVE;
				CLANG_WARN_UNREACHABLE_CODE = YES;
				CLANG_WARN__DUPLICATE_METHOD_MATCH = YES;
				COPY_PHASE_STRIP = NO;
				DEBUG_INFORMATION_FORMAT = dwarf;
				ENABLE_STRICT_OBJC_MSGSEND = YES;
				ENABLE_TESTABILITY = YES;
				GCC_C_LANGUAGE_STANDARD = gnu11;
				GCC_DYNAMIC_NO_PIC = NO;
				GCC_NO_COMMON_BLOCKS = YES;
				GCC_OPTIMIZATION_LEVEL = 0;
				GCC_PREPROCESSOR_DEFINITIONS = (
					"DEBUG=1",
					"$(inherited)",
				);
				GCC_WARN_64_TO_32_BIT_CONVERSION = YES;
				GCC_WARN_ABOUT_RETURN_TYPE = YES_ERROR;
				GCC_WARN_UNDECLARED_SELECTOR = YES;
				GCC_WARN_UNINITIALIZED_AUTOS = YES_AGGRESSIVE;
				GCC_WARN_UNUSED_FUNCTION = YES;
				GCC_WARN_UNUSED_VARIABLE = YES;
				IPHONEOS_DEPLOYMENT_TARGET = 15.0;
				MTL_ENABLE_DEBUG_INFO = INCLUDE_SOURCE;
				MTL_FAST_MATH = YES;
				ONLY_ACTIVE_ARCH = YES;
				SDKROOT = iphoneos;
				SWIFT_ACTIVE_COMPILATION_CONDITIONS = DEBUG;
				SWIFT_OPTIMIZATION_LEVEL = "-Onone";
			};
			name = Debug;
		};
		4EB99E682AF2ECC10019D02B /* Release */ = {
			isa = XCBuildConfiguration;
			buildSettings = {
				ALWAYS_SEARCH_USER_PATHS = NO;
				CLANG_ANALYZER_NONNULL = YES;
				CLANG_ANALYZER_NUMBER_OBJECT_CONVERSION = YES_AGGRESSIVE;
				CLANG_CXX_LANGUAGE_STANDARD = "gnu++20";
				CLANG_ENABLE_MODULES = YES;
				CLANG_ENABLE_OBJC_ARC = YES;
				CLANG_ENABLE_OBJC_WEAK = YES;
				CLANG_WARN_BLOCK_CAPTURE_AUTORELEASING = YES;
				CLANG_WARN_BOOL_CONVERSION = YES;
				CLANG_WARN_COMMA = YES;
				CLANG_WARN_CONSTANT_CONVERSION = YES;
				CLANG_WARN_DEPRECATED_OBJC_IMPLEMENTATIONS = YES;
				CLANG_WARN_DIRECT_OBJC_ISA_USAGE = YES_ERROR;
				CLANG_WARN_DOCUMENTATION_COMMENTS = YES;
				CLANG_WARN_EMPTY_BODY = YES;
				CLANG_WARN_ENUM_CONVERSION = YES;
				CLANG_WARN_INFINITE_RECURSION = YES;
				CLANG_WARN_INT_CONVERSION = YES;
				CLANG_WARN_NON_LITERAL_NULL_CONVERSION = YES;
				CLANG_WARN_OBJC_IMPLICIT_RETAIN_SELF = YES;
				CLANG_WARN_OBJC_LITERAL_CONVERSION = YES;
				CLANG_WARN_OBJC_ROOT_CLASS = YES_ERROR;
				CLANG_WARN_QUOTED_INCLUDE_IN_FRAMEWORK_HEADER = YES;
				CLANG_WARN_RANGE_LOOP_ANALYSIS = YES;
				CLANG_WARN_STRICT_PROTOTYPES = YES;
				CLANG_WARN_SUSPICIOUS_MOVE = YES;
				CLANG_WARN_UNGUARDED_AVAILABILITY = YES_AGGRESSIVE;
				CLANG_WARN_UNREACHABLE_CODE = YES;
				CLANG_WARN__DUPLICATE_METHOD_MATCH = YES;
				COPY_PHASE_STRIP = NO;
				DEBUG_INFORMATION_FORMAT = "dwarf-with-dsym";
				ENABLE_NS_ASSERTIONS = NO;
				ENABLE_STRICT_OBJC_MSGSEND = YES;
				GCC_C_LANGUAGE_STANDARD = gnu11;
				GCC_NO_COMMON_BLOCKS = YES;
				GCC_WARN_64_TO_32_BIT_CONVERSION = YES;
				GCC_WARN_ABOUT_RETURN_TYPE = YES_ERROR;
				GCC_WARN_UNDECLARED_SELECTOR = YES;
				GCC_WARN_UNINITIALIZED_AUTOS = YES_AGGRESSIVE;
				GCC_WARN_UNUSED_FUNCTION = YES;
				GCC_WARN_UNUSED_VARIABLE = YES;
				IPHONEOS_DEPLOYMENT_TARGET = 15.0;
				MTL_ENABLE_DEBUG_INFO = NO;
				MTL_FAST_MATH = YES;
				SDKROOT = iphoneos;
				SWIFT_COMPILATION_MODE = wholemodule;
				SWIFT_OPTIMIZATION_LEVEL = "-O";
				VALIDATE_PRODUCT = YES;
			};
			name = Release;
		};
		4EB99E6A2AF2ECC10019D02B /* Debug */ = {
			isa = XCBuildConfiguration;
			baseConfigurationReference = 296B3D129FA7C15590AF9290 /* Pods-Digiturk_iOS.debug.xcconfig */;
			buildSettings = {
				ASSETCATALOG_COMPILER_APPICON_NAME = AppIcon;
				ASSETCATALOG_COMPILER_GLOBAL_ACCENT_COLOR_NAME = AccentColor;
				CODE_SIGN_STYLE = Automatic;
				CURRENT_PROJECT_VERSION = 1;
				DEVELOPMENT_TEAM = QM9L2SD236;
				GENERATE_INFOPLIST_FILE = YES;
				INFOPLIST_FILE = Digiturk_iOS/Info.plist;
				INFOPLIST_KEY_UIApplicationSupportsIndirectInputEvents = YES;
				INFOPLIST_KEY_UILaunchStoryboardName = LaunchScreen;
				INFOPLIST_KEY_UIMainStoryboardFile = Main;
				INFOPLIST_KEY_UISupportedInterfaceOrientations_iPad = "UIInterfaceOrientationPortrait UIInterfaceOrientationPortraitUpsideDown UIInterfaceOrientationLandscapeLeft UIInterfaceOrientationLandscapeRight";
				INFOPLIST_KEY_UISupportedInterfaceOrientations_iPhone = "UIInterfaceOrientationPortrait UIInterfaceOrientationLandscapeLeft UIInterfaceOrientationLandscapeRight";
				IPHONEOS_DEPLOYMENT_TARGET = 15.0;
				LD_RUNPATH_SEARCH_PATHS = (
					"$(inherited)",
					"@executable_path/Frameworks",
				);
				MARKETING_VERSION = 1.0;
				PRODUCT_BUNDLE_IDENTIFIER = "Digiturk-iOS.Digiturk-iOS";
				PRODUCT_NAME = "$(TARGET_NAME)";
				SWIFT_EMIT_LOC_STRINGS = YES;
				SWIFT_VERSION = 5.0;
				TARGETED_DEVICE_FAMILY = "1,2";
			};
			name = Debug;
		};
		4EB99E6B2AF2ECC10019D02B /* Release */ = {
			isa = XCBuildConfiguration;
			baseConfigurationReference = 541F9DED158BA053C01FC658 /* Pods-Digiturk_iOS.release.xcconfig */;
			buildSettings = {
				ASSETCATALOG_COMPILER_APPICON_NAME = AppIcon;
				ASSETCATALOG_COMPILER_GLOBAL_ACCENT_COLOR_NAME = AccentColor;
				CODE_SIGN_STYLE = Automatic;
				CURRENT_PROJECT_VERSION = 1;
				DEVELOPMENT_TEAM = QM9L2SD236;
				GENERATE_INFOPLIST_FILE = YES;
				INFOPLIST_FILE = Digiturk_iOS/Info.plist;
				INFOPLIST_KEY_UIApplicationSupportsIndirectInputEvents = YES;
				INFOPLIST_KEY_UILaunchStoryboardName = LaunchScreen;
				INFOPLIST_KEY_UIMainStoryboardFile = Main;
				INFOPLIST_KEY_UISupportedInterfaceOrientations_iPad = "UIInterfaceOrientationPortrait UIInterfaceOrientationPortraitUpsideDown UIInterfaceOrientationLandscapeLeft UIInterfaceOrientationLandscapeRight";
				INFOPLIST_KEY_UISupportedInterfaceOrientations_iPhone = "UIInterfaceOrientationPortrait UIInterfaceOrientationLandscapeLeft UIInterfaceOrientationLandscapeRight";
				IPHONEOS_DEPLOYMENT_TARGET = 15.0;
				LD_RUNPATH_SEARCH_PATHS = (
					"$(inherited)",
					"@executable_path/Frameworks",
				);
				MARKETING_VERSION = 1.0;
				PRODUCT_BUNDLE_IDENTIFIER = "Digiturk-iOS.Digiturk-iOS";
				PRODUCT_NAME = "$(TARGET_NAME)";
				SWIFT_EMIT_LOC_STRINGS = YES;
				SWIFT_VERSION = 5.0;
				TARGETED_DEVICE_FAMILY = "1,2";
			};
			name = Release;
		};
/* End XCBuildConfiguration section */

/* Begin XCConfigurationList section */
		4EB99E502AF2ECC00019D02B /* Build configuration list for PBXProject "Digiturk_iOS" */ = {
			isa = XCConfigurationList;
			buildConfigurations = (
				4EB99E672AF2ECC10019D02B /* Debug */,
				4EB99E682AF2ECC10019D02B /* Release */,
			);
			defaultConfigurationIsVisible = 0;
			defaultConfigurationName = Release;
		};
		4EB99E692AF2ECC10019D02B /* Build configuration list for PBXNativeTarget "Digiturk_iOS" */ = {
			isa = XCConfigurationList;
			buildConfigurations = (
				4EB99E6A2AF2ECC10019D02B /* Debug */,
				4EB99E6B2AF2ECC10019D02B /* Release */,
			);
			defaultConfigurationIsVisible = 0;
			defaultConfigurationName = Release;
		};
/* End XCConfigurationList section */
	};
	rootObject = 4EB99E4D2AF2ECC00019D02B /* Project object */;
}
